{
    "_meta": {
        "hash": {
            "sha256": "bd37c93329f726c159db416fd3b4430058794fa883c69e7f87f2d7505df48736"
        },
        "pipfile-spec": 6,
        "requires": {
            "python_version": "3.12"
        },
        "sources": [
            {
                "name": "pypi",
                "url": "https://pypi.python.org/simple",
                "verify_ssl": true
            }
        ]
    },
    "default": {},
    "develop": {}
}
