{
    "_meta": {
        "hash": {
            "sha256": "c70d822bcb90a8c6e1ad80b5cd1bb4f3ec8c793167ec3034678bd80d5ba94ad7"
        },
        "pipfile-spec": 6,
        "requires": {
            "python_version": "3.9"
        },
        "sources": [
            {
                "name": "pypi",
                "url": "https://pypi.python.org/simple",
                "verify_ssl": true
            }
        ]
    },
    "default": {},
    "develop": {}
}
